[stack]
upstream = 1c1746bb4208938c558363738ec4423ef5f797fd
expectedHead = 6fd03b50def9a6e9ad3c727d49e53dadd4447c37
expectedTree = 88f13db5f0acca476693e17c95c9a8237e14f662
testCommand = make test
publishRemote = origin
publishBranch = main
repository = richardgill/codediff.nvim
noticePatch = fork-notice
referencePatches =
    perf-improvements
    design-line-wrapping
patches =
    local-benchmarks
    intraline-line-matching
    native-gutter-signs
    explorer-line-statistics
    explorer-custom-keymaps
    pi-code-annotations
    local-native-build
    fork-notice

[patch "local-benchmarks"]
description = Add local performance benchmarks
file = patches/003-local-benchmarks.patch
originCommit = 7873437263a5af86fa8d4830df56adfc55a6ee51
pullRequest = https://github.com/esmuellert/codediff.nvim/pull/458

[patch "explorer-line-statistics"]
description = feat(explorer): add optional Git line statistics
file = patches/016-explorer-line-statistics.patch
originCommit = 73f15b6269f65b59634e6cc4171e3b7feedd8d4d
pullRequest = https://github.com/esmuellert/codediff.nvim/pull/491

[patch "explorer-custom-keymaps"]
description = feat(explorer): custom keymaps
file = patches/022-explorer-custom-keymaps.patch
originCommit = 4395bbf68fdaab1c5e7775191df8bcff0fc2708d
pullRequest = https://github.com/esmuellert/codediff.nvim/pull/492

[patch "intraline-line-matching"]
description = feat: add line matching strategies
file = patches/014-intraline-line-matching.patch
originCommit = c52464a5bf61cf1eaab4ec364e4042aa710047eb
pullRequest = https://github.com/esmuellert/codediff.nvim/pull/459

[patch "native-gutter-signs"]
description = Added native gutter signs support
file = patches/015-native-gutter-signs.patch
originCommit = d3cb2ea809b48a65404806051d97cf6fa23b4c24
pullRequest = https://github.com/esmuellert/codediff.nvim/pull/451

[patch "local-native-build"]
description = fix: build fork native library locally
file = patches/017-local-native-build.patch

[patch "perf-improvements"]
description = perf improvements
file = patches/018-perf-improvements.patch
originCommit = 0b15ee032d53279e264112a45b4bbc45abf11429

[patch "design-line-wrapping"]
description = design: synchronized line wrapping and viewport rendering
file = patches/019-design-line-wrapping.patch
originCommit = 70ff0766533682c312a835e79584d942859fe827

[patch "pi-code-annotations"]
description = feat: add diff annotation integration API
file = patches/021-pi-code-annotations.patch
originCommit = 1220624e59d0bc9424a9bfca93f5ef2d8211bddd

[patch "fork-notice"]
file = patches/020-fork-notice.patch
