[stack]
upstream = 8bd120d5e02172852e788adde2abc94383cae741
expectedHead = abb75f057fde25d7eea4466919a8ef776f418f54
expectedTree = fdbf14988c00ba25fb019ea80168cc496f0e5e37
testCommand = make test
publishRemote = origin
publishBranch = main
repository = richardgill/codediff.nvim
noticePatch = fork-notice
referencePatches =
    perf-improvements
    design-line-wrapping
patches =
    local-benchmarks
    preserve-explorer-state
    intraline-line-matching
    native-gutter-signs
    explorer-line-statistics
    local-native-build
    fork-notice

[patch "local-benchmarks"]
description = Add local performance benchmarks
file = patches/003-local-benchmarks.patch
originCommit = cfd02bb94a4906b344bcdb573e38b552d4d3f27a
pullRequest = https://github.com/esmuellert/codediff.nvim/pull/458

[patch "preserve-explorer-state"]
description = fix(explorer): preserve tree state across refreshes
file = patches/011-preserve-explorer-state.patch
originCommit = 47c55ba63c21960d479c38d40486b45f26ddbdfb
pullRequest = https://github.com/esmuellert/codediff.nvim/pull/443

[patch "explorer-line-statistics"]
description = feat(explorer): Git stats + Explorer Keymaps + Explorer line renderer
file = patches/016-explorer-line-statistics.patch
originCommit = fa861a647e059ea115fd70f3adb9b6246412de57
pullRequest = https://github.com/esmuellert/codediff.nvim/pull/448

[patch "intraline-line-matching"]
description = feat: add line matching strategies
file = patches/014-intraline-line-matching.patch
originCommit = 46adf53a909a2842633186adc51d1c85eca40047
pullRequest = https://github.com/esmuellert/codediff.nvim/pull/459

[patch "native-gutter-signs"]
description = Added native gutter signs support
file = patches/015-native-gutter-signs.patch
originCommit = 67f7c483a8ef05447ec1d4a412a4e7553bade06b
pullRequest = https://github.com/esmuellert/codediff.nvim/pull/451

[patch "local-native-build"]
description = fix: build fork native library locally
file = patches/017-local-native-build.patch

[patch "perf-improvements"]
description = perf improvements
file = patches/018-perf-improvements.patch
originCommit = 0b15ee032d53279e264112a45b4bbc45abf11429

[patch "design-line-wrapping"]
description = design: synchronized line wrapping and viewport rendering
file = patches/019-design-line-wrapping.patch
originCommit = 70ff0766533682c312a835e79584d942859fe827

[patch "fork-notice"]
file = patches/020-fork-notice.patch
