[stack]
upstream = 8bd120d5e02172852e788adde2abc94383cae741
expectedHead = b8de39081457ddd94d2138b2ae7b444c57c9dcf8
expectedTree = bed217598fcb73e0ffc838285938eac60d400366
testCommand = make test
publishRemote = origin
publishBranch = main
repository = richardgill/codediff.nvim
noticePatch = fork-notice
referencePatches =
    perf-improvements
    design-line-wrapping
patches =
    local-benchmarks
    intraline-line-matching
    native-gutter-signs
    explorer-line-statistics
    pi-code-annotations
    local-native-build
    fork-notice

[patch "local-benchmarks"]
description = Add local performance benchmarks
file = patches/003-local-benchmarks.patch
originCommit = 7873437263a5af86fa8d4830df56adfc55a6ee51
pullRequest = https://github.com/esmuellert/codediff.nvim/pull/458

[patch "explorer-line-statistics"]
description = feat(explorer): Git stats + Explorer Keymaps + Explorer line renderer
file = patches/016-explorer-line-statistics.patch
originCommit = 40595138dc56e07890ebb1c70e1e76062213683b
pullRequest = https://github.com/esmuellert/codediff.nvim/pull/448

[patch "intraline-line-matching"]
description = feat: add line matching strategies
file = patches/014-intraline-line-matching.patch
originCommit = c52464a5bf61cf1eaab4ec364e4042aa710047eb
pullRequest = https://github.com/esmuellert/codediff.nvim/pull/459

[patch "native-gutter-signs"]
description = Added native gutter signs support
file = patches/015-native-gutter-signs.patch
originCommit = d3cb2ea809b48a65404806051d97cf6fa23b4c24
pullRequest = https://github.com/esmuellert/codediff.nvim/pull/451

[patch "local-native-build"]
description = fix: build fork native library locally
file = patches/017-local-native-build.patch

[patch "perf-improvements"]
description = perf improvements
file = patches/018-perf-improvements.patch
originCommit = 0b15ee032d53279e264112a45b4bbc45abf11429

[patch "design-line-wrapping"]
description = design: synchronized line wrapping and viewport rendering
file = patches/019-design-line-wrapping.patch
originCommit = 70ff0766533682c312a835e79584d942859fe827

[patch "pi-code-annotations"]
description = feat: add diff annotation integration API
file = patches/021-pi-code-annotations.patch
originCommit = 1220624e59d0bc9424a9bfca93f5ef2d8211bddd

[patch "fork-notice"]
file = patches/020-fork-notice.patch
